
Microsoft Visual Studio Solution File, Format Version 12.00
# Visual Studio Version 17
VisualStudioVersion = 17.14.37111.16 d17.14
MinimumVisualStudioVersion = 10.0.40219.1
Project("{FAE04EC0-301F-11D3-BF4B-00C04F79EFBC}") = "QLBanHang_New", "QLBanHang_New\QLBanHang_New.csproj", "{B02CE80C-B123-4F68-8F05-E6B66CB96993}"
EndProject
Global
	GlobalSection(SolutionConfigurationPlatforms) = preSolution
		Debug|Any CPU = Debug|Any CPU
		Release|Any CPU = Release|Any CPU
	EndGlobalSection
	GlobalSection(ProjectConfigurationPlatforms) = postSolution
		{B02CE80C-B123-4F68-8F05-E6B66CB96993}.Debug|Any CPU.ActiveCfg = Debug|Any CPU
		{B02CE80C-B123-4F68-8F05-E6B66CB96993}.Debug|Any CPU.Build.0 = Debug|Any CPU
		{B02CE80C-B123-4F68-8F05-E6B66CB96993}.Release|Any CPU.ActiveCfg = Release|Any CPU
		{B02CE80C-B123-4F68-8F05-E6B66CB96993}.Release|Any CPU.Build.0 = Release|Any CPU
	EndGlobalSection
	GlobalSection(SolutionProperties) = preSolution
		HideSolutionNode = FALSE
	EndGlobalSection
	GlobalSection(ExtensibilityGlobals) = postSolution
		SolutionGuid = {C173ECDC-A66A-4913-B838-8ADB14DC2DE3}
	EndGlobalSection
EndGlobal
